{
  "nodes": {
    "nixpkgs": {
      "locked": {
        "lastModified": 1720542800,
        "narHash": "sha256-ZgnNHuKV6h2+fQ5LuqnUaqZey1Lqqt5dTUAiAnqH0QQ=",
        "rev": "feb2849fdeb70028c70d73b848214b00d324a497",
        "revCount": 651108,
        "type": "tarball",
        "url": "https://api.flakehub.com/f/pinned/nixos/nixpkgs/0.1.651108%2Brev-feb2849fdeb70028c70d73b848214b00d324a497/01909f6b-c14f-7c52-90e1-a978216a040b/source.tar.gz"
      },
      "original": {
        "type": "tarball",
        "url": "https://flakehub.com/f/nixos/nixpkgs/0.1.tar.gz"
      }
    },
    "root": {
      "inputs": {
        "nixpkgs": "nixpkgs"
      }
    }
  },
  "root": "root",
  "version": 7
}
